
Microsoft Visual Studio Solution File, Format Version 12.00
# Visual Studio Version 17
VisualStudioVersion = 17.5.33530.505
MinimumVisualStudioVersion = 10.0.40219.1
Project("{9A19103F-16F7-4668-BE54-9A1E7A4F7556}") = "Genelife.Domain", "Genelife.Domain\Genelife.Domain.csproj", "{AA7CD81F-1711-44C7-AB54-74CA85B54150}"
EndProject
Project("{9A19103F-16F7-4668-BE54-9A1E7A4F7556}") = "Genelife.API", "Genelife.API\Genelife.API.csproj", "{E0C5AA39-14BF-4D34-9F66-4EEE055D6D81}"
EndProject
Project("{9A19103F-16F7-4668-BE54-9A1E7A4F7556}") = "Genelife.Main", "Genelife.Main\Genelife.Main.csproj", "{64B8FFE6-95E8-40D7-AE5C-A1F85F8FE200}"
EndProject
Project("{9A19103F-16F7-4668-BE54-9A1E7A4F7556}") = "Genelife.Work", "Genelife.Work\Genelife.Work.csproj", "{FD0B2597-6BAF-491D-B3FD-E7F4A6F87526}"
EndProject
Project("{9A19103F-16F7-4668-BE54-9A1E7A4F7556}") = "Genelife.Physical", "Genelife.Physical\Genelife.Physical.csproj", "{674F11D0-E100-444A-A5A6-DC4E560D0F9E}"
EndProject
Project("{FAE04EC0-301F-11D3-BF4B-00C04F79EFBC}") = "Genelife.Tests", "Genelife.Tests\Genelife.Tests.csproj", "{04FB1374-5000-4E7D-8482-FF618AAAB015}"
EndProject
Project("{FAE04EC0-301F-11D3-BF4B-00C04F79EFBC}") = "Genelife.Inventory", "Genelife.Inventory\Genelife.Inventory.csproj", "{3D0175EA-A1D5-4241-97BE-FEE7B7E96A72}"
EndProject
Global
	GlobalSection(SolutionConfigurationPlatforms) = preSolution
		Debug|Any CPU = Debug|Any CPU
		Release|Any CPU = Release|Any CPU
	EndGlobalSection
	GlobalSection(ProjectConfigurationPlatforms) = postSolution
		{AA7CD81F-1711-44C7-AB54-74CA85B54150}.Debug|Any CPU.ActiveCfg = Debug|Any CPU
		{AA7CD81F-1711-44C7-AB54-74CA85B54150}.Debug|Any CPU.Build.0 = Debug|Any CPU
		{AA7CD81F-1711-44C7-AB54-74CA85B54150}.Release|Any CPU.ActiveCfg = Release|Any CPU
		{AA7CD81F-1711-44C7-AB54-74CA85B54150}.Release|Any CPU.Build.0 = Release|Any CPU
		{E0C5AA39-14BF-4D34-9F66-4EEE055D6D81}.Debug|Any CPU.ActiveCfg = Debug|Any CPU
		{E0C5AA39-14BF-4D34-9F66-4EEE055D6D81}.Debug|Any CPU.Build.0 = Debug|Any CPU
		{E0C5AA39-14BF-4D34-9F66-4EEE055D6D81}.Release|Any CPU.ActiveCfg = Release|Any CPU
		{E0C5AA39-14BF-4D34-9F66-4EEE055D6D81}.Release|Any CPU.Build.0 = Release|Any CPU
		{64B8FFE6-95E8-40D7-AE5C-A1F85F8FE200}.Debug|Any CPU.ActiveCfg = Debug|Any CPU
		{64B8FFE6-95E8-40D7-AE5C-A1F85F8FE200}.Debug|Any CPU.Build.0 = Debug|Any CPU
		{64B8FFE6-95E8-40D7-AE5C-A1F85F8FE200}.Release|Any CPU.ActiveCfg = Release|Any CPU
		{64B8FFE6-95E8-40D7-AE5C-A1F85F8FE200}.Release|Any CPU.Build.0 = Release|Any CPU
		{FD0B2597-6BAF-491D-B3FD-E7F4A6F87526}.Debug|Any CPU.ActiveCfg = Debug|Any CPU
		{FD0B2597-6BAF-491D-B3FD-E7F4A6F87526}.Debug|Any CPU.Build.0 = Debug|Any CPU
		{FD0B2597-6BAF-491D-B3FD-E7F4A6F87526}.Release|Any CPU.ActiveCfg = Release|Any CPU
		{FD0B2597-6BAF-491D-B3FD-E7F4A6F87526}.Release|Any CPU.Build.0 = Release|Any CPU
		{674F11D0-E100-444A-A5A6-DC4E560D0F9E}.Debug|Any CPU.ActiveCfg = Debug|Any CPU
		{674F11D0-E100-444A-A5A6-DC4E560D0F9E}.Debug|Any CPU.Build.0 = Debug|Any CPU
		{674F11D0-E100-444A-A5A6-DC4E560D0F9E}.Release|Any CPU.ActiveCfg = Release|Any CPU
		{674F11D0-E100-444A-A5A6-DC4E560D0F9E}.Release|Any CPU.Build.0 = Release|Any CPU
		{04FB1374-5000-4E7D-8482-FF618AAAB015}.Debug|Any CPU.ActiveCfg = Debug|Any CPU
		{04FB1374-5000-4E7D-8482-FF618AAAB015}.Debug|Any CPU.Build.0 = Debug|Any CPU
		{04FB1374-5000-4E7D-8482-FF618AAAB015}.Release|Any CPU.ActiveCfg = Release|Any CPU
		{04FB1374-5000-4E7D-8482-FF618AAAB015}.Release|Any CPU.Build.0 = Release|Any CPU
		{3D0175EA-A1D5-4241-97BE-FEE7B7E96A72}.Debug|Any CPU.ActiveCfg = Debug|Any CPU
		{3D0175EA-A1D5-4241-97BE-FEE7B7E96A72}.Debug|Any CPU.Build.0 = Debug|Any CPU
		{3D0175EA-A1D5-4241-97BE-FEE7B7E96A72}.Release|Any CPU.ActiveCfg = Release|Any CPU
		{3D0175EA-A1D5-4241-97BE-FEE7B7E96A72}.Release|Any CPU.Build.0 = Release|Any CPU
	EndGlobalSection
	GlobalSection(SolutionProperties) = preSolution
		HideSolutionNode = FALSE
	EndGlobalSection
	GlobalSection(ExtensibilityGlobals) = postSolution
		SolutionGuid = {A2CBB0E7-5CCD-46E1-81BE-711599FE4638}
	EndGlobalSection
EndGlobal
